# This file was autogenerated by Stack.
# You should not edit this file by hand.
# For more information, please see the documentation at:
#   https://docs.haskellstack.org/en/stable/lock_files

packages:
- completed:
    hackage: opaleye-0.9.1.0@sha256:b7b3e086c62319ed929c70874eeda833833c957d3c5431888c8605ae1b9122fa,5837
    pantry-tree:
      size: 5662
      sha256: 770075682b00589dd4bb62d2f8239eeca41d1484db1b957b1c9a13c148dd88ba
  original:
    hackage: opaleye-0.9.1.0
- completed:
    hackage: rel8-1.3.1.0@sha256:82292d07f590c92b256f512347bb410989501711d47fdd2b43823f6467169f03,5114
    pantry-tree:
      size: 9026
      sha256: 7fbfd8f7ce8a72348b9345831a1aeea2fc5bf17cdd6080106334d6962efcd889
  original:
    hackage: rel8-1.3.1.0
- completed:
    hackage: servant-0.19@sha256:9f1145d48c049e5d39d8314bc0458d15e7767b8bc871eb1f2177b9fd29101272,5371
    pantry-tree:
      size: 2802
      sha256: da515b079d6e1d1aa41e5c04af988fe36ac295c7ec94b0d0f4a76bc7972a379c
  original:
    hackage: servant-0.19
- completed:
    hackage: servant-server-0.19@sha256:d9636357e6f3db963e35418456607d0020e4e0c21df72b93e50fd5b9aa252995,5506
    pantry-tree:
      size: 2614
      sha256: 626b78189a43285439c5db1eb1b2ab0e29e85396f8f5766220399060228fba27
  original:
    hackage: servant-server-0.19
- completed:
    subdir: servant-auth/servant-auth-server
    name: servant-auth-server
    version: 0.4.7.0
    git: git@github.com:haskell-servant/servant.git
    pantry-tree:
      size: 1469
      sha256: 863179602fd64c564cd6d7a5ed328fed8525329e07e5d924f629ad78c4ff461a
    commit: d05da71f09be08131d29a2c17f613a4bd71faea2
  original:
    subdir: servant-auth/servant-auth-server
    git: git@github.com:haskell-servant/servant.git
    commit: d05da71f09be08131d29a2c17f613a4bd71faea2
snapshots:
- completed:
    size: 590102
    url: https://raw.githubusercontent.com/commercialhaskell/stackage-snapshots/master/lts/18/26.yaml
    sha256: e76d109964d9335abb412e22139c5bce3078be290ac6d90b8ecea6cc009bb198
  original:
    url: https://raw.githubusercontent.com/commercialhaskell/stackage-snapshots/master/lts/18/26.yaml
